Microsoft Visual Studio Solution File, Format Version 12.00
# Visual Studio Version 16
VisualStudioVersion = 16.0.29020.237
MinimumVisualStudioVersion = 10.0.40219.1
Project("{9A19103F-16F7-4668-BE54-9A1E7A4F7556}") = "Saplin.CPDT.UICore", "Saplin.CPDT.UICore\Saplin.CPDT.UICore.csproj", "{3116756D-0111-400C-BC53-1DBBC195FBB7}"
EndProject
Project("{FAE04EC0-301F-11D3-BF4B-00C04F79EFBC}") = "Saplin.CPDT.Mac", "Saplin.CPDT.Mac\Saplin.CPDT.Mac.csproj", "{E73EDEA1-DF38-40F4-A3D9-82C3EC186008}"
EndProject
Project("{FAE04EC0-301F-11D3-BF4B-00C04F79EFBC}") = "Saplin.CPDT.iOS", "Saplin.CPDT.iOS\Saplin.CPDT.iOS.csproj", "{AADDB830-469D-451D-B441-74A2D71038D4}"
EndProject
Project("{9344BDBB-3E7F-41FC-A0DD-8665D75EE146}") = "Saplin.CPDT.Android", "Saplin.CPDT.Android\Saplin.CPDT.Android.csproj", "{D0818D7F-267F-4AEA-9525-86EA221196BF}"
EndProject
Project("{9344BDBB-3E7F-41FC-A0DD-8665D75EE146}") = "Saplin.CPDT.WPF", "Saplin.CPDT.WPF\Saplin.CPDT.WPF.csproj", "{AF67F92B-0DF9-46D2-A947-1AFE000EDB4F}"
EndProject
Project("{9344BDBB-3E7F-41FC-A0DD-8665D75EE146}") = "Saplin.CPDT.GTK", "Saplin.CPDT.GTK\Saplin.CPDT.GTK.csproj", "{99D70D1B-2E1F-49F7-9EE6-59A172E3241D}"
EndProject
Global
	GlobalSection(SolutionConfigurationPlatforms) = preSolution
		Debug|Any CPU = Debug|Any CPU
		Debug|ARM = Debug|ARM
		Debug|x64 = Debug|x64
		Debug|x86 = Debug|x86
		Release|Any CPU = Release|Any CPU
		Release|ARM = Release|ARM
		Release|x64 = Release|x64
		Release|x86 = Release|x86
		Debug|iPhoneSimulator = Debug|iPhoneSimulator
		Release|iPhoneSimulator = Release|iPhoneSimulator
		Debug|iPhone = Debug|iPhone
		Release|iPhone = Release|iPhone
	EndGlobalSection
	GlobalSection(ProjectConfigurationPlatforms) = postSolution
		{3116756D-0111-400C-BC53-1DBBC195FBB7}.Debug|Any CPU.ActiveCfg = Debug|Any CPU
		{3116756D-0111-400C-BC53-1DBBC195FBB7}.Debug|Any CPU.Build.0 = Debug|Any CPU
		{3116756D-0111-400C-BC53-1DBBC195FBB7}.Debug|ARM.ActiveCfg = Debug|Any CPU
		{3116756D-0111-400C-BC53-1DBBC195FBB7}.Debug|ARM.Build.0 = Debug|Any CPU
		{3116756D-0111-400C-BC53-1DBBC195FBB7}.Debug|x64.ActiveCfg = Debug|Any CPU
		{3116756D-0111-400C-BC53-1DBBC195FBB7}.Debug|x64.Build.0 = Debug|Any CPU
		{3116756D-0111-400C-BC53-1DBBC195FBB7}.Debug|x86.ActiveCfg = Debug|Any CPU
		{3116756D-0111-400C-BC53-1DBBC195FBB7}.Debug|x86.Build.0 = Debug|Any CPU
		{3116756D-0111-400C-BC53-1DBBC195FBB7}.Release|Any CPU.ActiveCfg = Release|Any CPU
		{3116756D-0111-400C-BC53-1DBBC195FBB7}.Release|Any CPU.Build.0 = Release|Any CPU
		{3116756D-0111-400C-BC53-1DBBC195FBB7}.Release|ARM.ActiveCfg = Release|Any CPU
		{3116756D-0111-400C-BC53-1DBBC195FBB7}.Release|ARM.Build.0 = Release|Any CPU
		{3116756D-0111-400C-BC53-1DBBC195FBB7}.Release|x64.ActiveCfg = Release|Any CPU
		{3116756D-0111-400C-BC53-1DBBC195FBB7}.Release|x64.Build.0 = Release|Any CPU
		{3116756D-0111-400C-BC53-1DBBC195FBB7}.Release|x86.ActiveCfg = Release|Any CPU
		{3116756D-0111-400C-BC53-1DBBC195FBB7}.Release|x86.Build.0 = Release|Any CPU
		{3116756D-0111-400C-BC53-1DBBC195FBB7}.Debug|iPhoneSimulator.ActiveCfg = Debug|Any CPU
		{3116756D-0111-400C-BC53-1DBBC195FBB7}.Debug|iPhoneSimulator.Build.0 = Debug|Any CPU
		{3116756D-0111-400C-BC53-1DBBC195FBB7}.Release|iPhoneSimulator.ActiveCfg = Release|Any CPU
		{3116756D-0111-400C-BC53-1DBBC195FBB7}.Release|iPhoneSimulator.Build.0 = Release|Any CPU
		{3116756D-0111-400C-BC53-1DBBC195FBB7}.Debug|iPhone.ActiveCfg = Debug|Any CPU
		{3116756D-0111-400C-BC53-1DBBC195FBB7}.Debug|iPhone.Build.0 = Debug|Any CPU
		{3116756D-0111-400C-BC53-1DBBC195FBB7}.Release|iPhone.ActiveCfg = Release|Any CPU
		{3116756D-0111-400C-BC53-1DBBC195FBB7}.Release|iPhone.Build.0 = Release|Any CPU
		{E73EDEA1-DF38-40F4-A3D9-82C3EC186008}.Debug|Any CPU.ActiveCfg = Debug|Any CPU
		{E73EDEA1-DF38-40F4-A3D9-82C3EC186008}.Debug|Any CPU.Build.0 = Debug|Any CPU
		{E73EDEA1-DF38-40F4-A3D9-82C3EC186008}.Debug|ARM.ActiveCfg = Debug|Any CPU
		{E73EDEA1-DF38-40F4-A3D9-82C3EC186008}.Debug|ARM.Build.0 = Debug|Any CPU
		{E73EDEA1-DF38-40F4-A3D9-82C3EC186008}.Debug|x64.ActiveCfg = Debug|Any CPU
		{E73EDEA1-DF38-40F4-A3D9-82C3EC186008}.Debug|x64.Build.0 = Debug|Any CPU
		{E73EDEA1-DF38-40F4-A3D9-82C3EC186008}.Debug|x86.ActiveCfg = Debug|Any CPU
		{E73EDEA1-DF38-40F4-A3D9-82C3EC186008}.Debug|x86.Build.0 = Debug|Any CPU
		{E73EDEA1-DF38-40F4-A3D9-82C3EC186008}.Release|Any CPU.ActiveCfg = Release|Any CPU
		{E73EDEA1-DF38-40F4-A3D9-82C3EC186008}.Release|Any CPU.Build.0 = Release|Any CPU
		{E73EDEA1-DF38-40F4-A3D9-82C3EC186008}.Release|ARM.ActiveCfg = Release|Any CPU
		{E73EDEA1-DF38-40F4-A3D9-82C3EC186008}.Release|ARM.Build.0 = Release|Any CPU
		{E73EDEA1-DF38-40F4-A3D9-82C3EC186008}.Release|x64.ActiveCfg = Release|Any CPU
		{E73EDEA1-DF38-40F4-A3D9-82C3EC186008}.Release|x64.Build.0 = Release|Any CPU
		{E73EDEA1-DF38-40F4-A3D9-82C3EC186008}.Release|x86.ActiveCfg = Release|Any CPU
		{E73EDEA1-DF38-40F4-A3D9-82C3EC186008}.Release|x86.Build.0 = Release|Any CPU
		{E73EDEA1-DF38-40F4-A3D9-82C3EC186008}.Debug|iPhoneSimulator.ActiveCfg = Debug|Any CPU
		{E73EDEA1-DF38-40F4-A3D9-82C3EC186008}.Release|iPhoneSimulator.ActiveCfg = Release|Any CPU
		{E73EDEA1-DF38-40F4-A3D9-82C3EC186008}.Debug|iPhone.ActiveCfg = Debug|Any CPU
		{E73EDEA1-DF38-40F4-A3D9-82C3EC186008}.Release|iPhone.ActiveCfg = Release|Any CPU
		{AADDB830-469D-451D-B441-74A2D71038D4}.Debug|Any CPU.ActiveCfg = Debug|iPhoneSimulator
		{AADDB830-469D-451D-B441-74A2D71038D4}.Debug|Any CPU.Build.0 = Debug|iPhoneSimulator
		{AADDB830-469D-451D-B441-74A2D71038D4}.Debug|ARM.ActiveCfg = Debug|iPhoneSimulator
		{AADDB830-469D-451D-B441-74A2D71038D4}.Debug|ARM.Build.0 = Debug|iPhoneSimulator
		{AADDB830-469D-451D-B441-74A2D71038D4}.Debug|x64.ActiveCfg = Debug|iPhoneSimulator
		{AADDB830-469D-451D-B441-74A2D71038D4}.Debug|x64.Build.0 = Debug|iPhoneSimulator
		{AADDB830-469D-451D-B441-74A2D71038D4}.Debug|x86.ActiveCfg = Debug|iPhoneSimulator
		{AADDB830-469D-451D-B441-74A2D71038D4}.Debug|x86.Build.0 = Debug|iPhoneSimulator
		{AADDB830-469D-451D-B441-74A2D71038D4}.Release|Any CPU.ActiveCfg = Release|iPhoneSimulator
		{AADDB830-469D-451D-B441-74A2D71038D4}.Release|Any CPU.Build.0 = Release|iPhoneSimulator
		{AADDB830-469D-451D-B441-74A2D71038D4}.Release|ARM.ActiveCfg = Release|iPhoneSimulator
		{AADDB830-469D-451D-B441-74A2D71038D4}.Release|ARM.Build.0 = Release|iPhoneSimulator
		{AADDB830-469D-451D-B441-74A2D71038D4}.Release|x64.ActiveCfg = Release|iPhoneSimulator
		{AADDB830-469D-451D-B441-74A2D71038D4}.Release|x64.Build.0 = Release|iPhoneSimulator
		{AADDB830-469D-451D-B441-74A2D71038D4}.Release|x86.ActiveCfg = Release|iPhoneSimulator
		{AADDB830-469D-451D-B441-74A2D71038D4}.Release|x86.Build.0 = Release|iPhoneSimulator
		{AADDB830-469D-451D-B441-74A2D71038D4}.Debug|iPhoneSimulator.ActiveCfg = Debug|iPhoneSimulator
		{AADDB830-469D-451D-B441-74A2D71038D4}.Debug|iPhoneSimulator.Build.0 = Debug|iPhoneSimulator
		{AADDB830-469D-451D-B441-74A2D71038D4}.Release|iPhoneSimulator.ActiveCfg = Release|iPhoneSimulator
		{AADDB830-469D-451D-B441-74A2D71038D4}.Release|iPhoneSimulator.Build.0 = Release|iPhoneSimulator
		{AADDB830-469D-451D-B441-74A2D71038D4}.Debug|iPhone.ActiveCfg = Debug|iPhone
		{AADDB830-469D-451D-B441-74A2D71038D4}.Debug|iPhone.Build.0 = Debug|iPhone
		{AADDB830-469D-451D-B441-74A2D71038D4}.Release|iPhone.ActiveCfg = Release|iPhone
		{AADDB830-469D-451D-B441-74A2D71038D4}.Release|iPhone.Build.0 = Release|iPhone
		{D0818D7F-267F-4AEA-9525-86EA221196BF}.Debug|Any CPU.ActiveCfg = Debug|Any CPU
		{D0818D7F-267F-4AEA-9525-86EA221196BF}.Debug|Any CPU.Build.0 = Debug|Any CPU
		{D0818D7F-267F-4AEA-9525-86EA221196BF}.Debug|ARM.ActiveCfg = Debug|Any CPU
		{D0818D7F-267F-4AEA-9525-86EA221196BF}.Debug|ARM.Build.0 = Debug|Any CPU
		{D0818D7F-267F-4AEA-9525-86EA221196BF}.Debug|x64.ActiveCfg = Debug|Any CPU
		{D0818D7F-267F-4AEA-9525-86EA221196BF}.Debug|x64.Build.0 = Debug|Any CPU
		{D0818D7F-267F-4AEA-9525-86EA221196BF}.Debug|x86.ActiveCfg = Debug|Any CPU
		{D0818D7F-267F-4AEA-9525-86EA221196BF}.Debug|x86.Build.0 = Debug|Any CPU
		{D0818D7F-267F-4AEA-9525-86EA221196BF}.Release|Any CPU.ActiveCfg = Release|Any CPU
		{D0818D7F-267F-4AEA-9525-86EA221196BF}.Release|Any CPU.Build.0 = Release|Any CPU
		{D0818D7F-267F-4AEA-9525-86EA221196BF}.Release|ARM.ActiveCfg = Release|Any CPU
		{D0818D7F-267F-4AEA-9525-86EA221196BF}.Release|ARM.Build.0 = Release|Any CPU
		{D0818D7F-267F-4AEA-9525-86EA221196BF}.Release|x64.ActiveCfg = Release|Any CPU
		{D0818D7F-267F-4AEA-9525-86EA221196BF}.Release|x64.Build.0 = Release|Any CPU
		{D0818D7F-267F-4AEA-9525-86EA221196BF}.Release|x86.ActiveCfg = Release|Any CPU
		{D0818D7F-267F-4AEA-9525-86EA221196BF}.Release|x86.Build.0 = Release|Any CPU
		{D0818D7F-267F-4AEA-9525-86EA221196BF}.Debug|iPhoneSimulator.ActiveCfg = Debug|Any CPU
		{D0818D7F-267F-4AEA-9525-86EA221196BF}.Debug|iPhoneSimulator.Build.0 = Debug|Any CPU
		{D0818D7F-267F-4AEA-9525-86EA221196BF}.Release|iPhoneSimulator.ActiveCfg = Release|Any CPU
		{D0818D7F-267F-4AEA-9525-86EA221196BF}.Release|iPhoneSimulator.Build.0 = Release|Any CPU
		{D0818D7F-267F-4AEA-9525-86EA221196BF}.Debug|iPhone.ActiveCfg = Debug|Any CPU
		{D0818D7F-267F-4AEA-9525-86EA221196BF}.Debug|iPhone.Build.0 = Debug|Any CPU
		{D0818D7F-267F-4AEA-9525-86EA221196BF}.Release|iPhone.ActiveCfg = Release|Any CPU
		{D0818D7F-267F-4AEA-9525-86EA221196BF}.Release|iPhone.Build.0 = Release|Any CPU
		{AF67F92B-0DF9-46D2-A947-1AFE000EDB4F}.Debug|Any CPU.ActiveCfg = Debug|Any CPU
		{AF67F92B-0DF9-46D2-A947-1AFE000EDB4F}.Debug|Any CPU.Build.0 = Debug|Any CPU
		{AF67F92B-0DF9-46D2-A947-1AFE000EDB4F}.Debug|ARM.ActiveCfg = Debug|Any CPU
		{AF67F92B-0DF9-46D2-A947-1AFE000EDB4F}.Debug|ARM.Build.0 = Debug|Any CPU
		{AF67F92B-0DF9-46D2-A947-1AFE000EDB4F}.Debug|x64.ActiveCfg = Debug|Any CPU
		{AF67F92B-0DF9-46D2-A947-1AFE000EDB4F}.Debug|x64.Build.0 = Debug|Any CPU
		{AF67F92B-0DF9-46D2-A947-1AFE000EDB4F}.Debug|x86.ActiveCfg = Debug|Any CPU
		{AF67F92B-0DF9-46D2-A947-1AFE000EDB4F}.Debug|x86.Build.0 = Debug|Any CPU
		{AF67F92B-0DF9-46D2-A947-1AFE000EDB4F}.Release|Any CPU.ActiveCfg = Release|Any CPU
		{AF67F92B-0DF9-46D2-A947-1AFE000EDB4F}.Release|Any CPU.Build.0 = Release|Any CPU
		{AF67F92B-0DF9-46D2-A947-1AFE000EDB4F}.Release|ARM.ActiveCfg = Release|Any CPU
		{AF67F92B-0DF9-46D2-A947-1AFE000EDB4F}.Release|ARM.Build.0 = Release|Any CPU
		{AF67F92B-0DF9-46D2-A947-1AFE000EDB4F}.Release|x64.ActiveCfg = Release|Any CPU
		{AF67F92B-0DF9-46D2-A947-1AFE000EDB4F}.Release|x64.Build.0 = Release|Any CPU
		{AF67F92B-0DF9-46D2-A947-1AFE000EDB4F}.Release|x86.ActiveCfg = Release|Any CPU
		{AF67F92B-0DF9-46D2-A947-1AFE000EDB4F}.Release|x86.Build.0 = Release|Any CPU
		{AF67F92B-0DF9-46D2-A947-1AFE000EDB4F}.Debug|iPhoneSimulator.ActiveCfg = Debug|Any CPU
		{AF67F92B-0DF9-46D2-A947-1AFE000EDB4F}.Release|iPhoneSimulator.ActiveCfg = Release|Any CPU
		{AF67F92B-0DF9-46D2-A947-1AFE000EDB4F}.Debug|iPhone.ActiveCfg = Debug|Any CPU
		{AF67F92B-0DF9-46D2-A947-1AFE000EDB4F}.Release|iPhone.ActiveCfg = Release|Any CPU
		{99D70D1B-2E1F-49F7-9EE6-59A172E3241D}.Debug|Any CPU.ActiveCfg = Debug|Any CPU
		{99D70D1B-2E1F-49F7-9EE6-59A172E3241D}.Debug|Any CPU.Build.0 = Debug|Any CPU
		{99D70D1B-2E1F-49F7-9EE6-59A172E3241D}.Debug|ARM.ActiveCfg = Debug|Any CPU
		{99D70D1B-2E1F-49F7-9EE6-59A172E3241D}.Debug|ARM.Build.0 = Debug|Any CPU
		{99D70D1B-2E1F-49F7-9EE6-59A172E3241D}.Debug|x64.ActiveCfg = Debug|Any CPU
		{99D70D1B-2E1F-49F7-9EE6-59A172E3241D}.Debug|x64.Build.0 = Debug|Any CPU
		{99D70D1B-2E1F-49F7-9EE6-59A172E3241D}.Debug|x86.ActiveCfg = Debug|Any CPU
		{99D70D1B-2E1F-49F7-9EE6-59A172E3241D}.Debug|x86.Build.0 = Debug|Any CPU
		{99D70D1B-2E1F-49F7-9EE6-59A172E3241D}.Release|Any CPU.ActiveCfg = Release|Any CPU
		{99D70D1B-2E1F-49F7-9EE6-59A172E3241D}.Release|Any CPU.Build.0 = Release|Any CPU
		{99D70D1B-2E1F-49F7-9EE6-59A172E3241D}.Release|ARM.ActiveCfg = Release|Any CPU
		{99D70D1B-2E1F-49F7-9EE6-59A172E3241D}.Release|ARM.Build.0 = Release|Any CPU
		{99D70D1B-2E1F-49F7-9EE6-59A172E3241D}.Release|x64.ActiveCfg = Release|Any CPU
		{99D70D1B-2E1F-49F7-9EE6-59A172E3241D}.Release|x64.Build.0 = Release|Any CPU
		{99D70D1B-2E1F-49F7-9EE6-59A172E3241D}.Release|x86.ActiveCfg = Release|Any CPU
		{99D70D1B-2E1F-49F7-9EE6-59A172E3241D}.Release|x86.Build.0 = Release|Any CPU
		{99D70D1B-2E1F-49F7-9EE6-59A172E3241D}.Debug|iPhoneSimulator.ActiveCfg = Debug|Any CPU
		{99D70D1B-2E1F-49F7-9EE6-59A172E3241D}.Debug|iPhoneSimulator.Build.0 = Debug|Any CPU
		{99D70D1B-2E1F-49F7-9EE6-59A172E3241D}.Release|iPhoneSimulator.ActiveCfg = Release|Any CPU
		{99D70D1B-2E1F-49F7-9EE6-59A172E3241D}.Release|iPhoneSimulator.Build.0 = Release|Any CPU
		{99D70D1B-2E1F-49F7-9EE6-59A172E3241D}.Debug|iPhone.ActiveCfg = Debug|Any CPU
		{99D70D1B-2E1F-49F7-9EE6-59A172E3241D}.Debug|iPhone.Build.0 = Debug|Any CPU
		{99D70D1B-2E1F-49F7-9EE6-59A172E3241D}.Release|iPhone.ActiveCfg = Release|Any CPU
		{99D70D1B-2E1F-49F7-9EE6-59A172E3241D}.Release|iPhone.Build.0 = Release|Any CPU
	EndGlobalSection
	GlobalSection(SolutionProperties) = preSolution
		HideSolutionNode = FALSE
	EndGlobalSection
	GlobalSection(ExtensibilityGlobals) = postSolution
		SolutionGuid = {4E8FFB1A-9743-4D93-8FCF-AF018A74E86F}
	EndGlobalSection
	GlobalSection(MonoDevelopProperties) = preSolution
		version = 2.0.6
	EndGlobalSection
EndGlobal
