Microsoft Visual Studio Solution File, Format Version 12.00
# Visual Studio Version 16
VisualStudioVersion = 16.0.29020.237
MinimumVisualStudioVersion = 10.0.40219.1
Project("{FAE04EC0-301F-11D3-BF4B-00C04F79EFBC}") = "Saplin.CPDT.UICore", "Saplin.CPDT.UICore\Saplin.CPDT.UICore.csproj", "{3116756D-0111-400C-BC53-1DBBC195FBB7}"
EndProject
Project("{FAE04EC0-301F-11D3-BF4B-00C04F79EFBC}") = "Saplin.CPDT.Mac", "Saplin.CPDT.Mac\Saplin.CPDT.Mac.csproj", "{E73EDEA1-DF38-40F4-A3D9-82C3EC186008}"
EndProject
Project("{9344BDBB-3E7F-41FC-A0DD-8665D75EE146}") = "Saplin.CPDT.Android", "Saplin.CPDT.Android\Saplin.CPDT.Android.csproj", "{D06865E6-BEF8-46CD-BE0F-9AE29F435F30}"
EndProject
Project("{9344BDBB-3E7F-41FC-A0DD-8665D75EE146}") = "Saplin.CPDT.iOS", "Saplin.CPDT.iOS\Saplin.CPDT.iOS.csproj", "{E3164979-4A04-4709-8EA8-F677A21435D8}"
EndProject
Project("{9344BDBB-3E7F-41FC-A0DD-8665D75EE146}") = "Saplin.CPDT.WPF", "Saplin.CPDT.WPF\Saplin.CPDT.WPF.csproj", "{54FDDE9C-40F7-4352-B38E-41C744C03E4D}"
EndProject
Global
	GlobalSection(SolutionConfigurationPlatforms) = preSolution
		Debug|Any CPU = Debug|Any CPU
		Debug|ARM = Debug|ARM
		Debug|iPhone = Debug|iPhone
		Debug|iPhoneSimulator = Debug|iPhoneSimulator
		Debug|x64 = Debug|x64
		Debug|x86 = Debug|x86
		Release|Any CPU = Release|Any CPU
		Release|ARM = Release|ARM
		Release|iPhone = Release|iPhone
		Release|iPhoneSimulator = Release|iPhoneSimulator
		Release|x64 = Release|x64
		Release|x86 = Release|x86
	EndGlobalSection
	GlobalSection(ProjectConfigurationPlatforms) = postSolution
		{3116756D-0111-400C-BC53-1DBBC195FBB7}.Debug|Any CPU.ActiveCfg = Debug|Any CPU
		{3116756D-0111-400C-BC53-1DBBC195FBB7}.Debug|Any CPU.Build.0 = Debug|Any CPU
		{3116756D-0111-400C-BC53-1DBBC195FBB7}.Debug|ARM.ActiveCfg = Debug|Any CPU
		{3116756D-0111-400C-BC53-1DBBC195FBB7}.Debug|ARM.Build.0 = Debug|Any CPU
		{3116756D-0111-400C-BC53-1DBBC195FBB7}.Debug|iPhone.ActiveCfg = Debug|Any CPU
		{3116756D-0111-400C-BC53-1DBBC195FBB7}.Debug|iPhone.Build.0 = Debug|Any CPU
		{3116756D-0111-400C-BC53-1DBBC195FBB7}.Debug|iPhoneSimulator.ActiveCfg = Debug|Any CPU
		{3116756D-0111-400C-BC53-1DBBC195FBB7}.Debug|iPhoneSimulator.Build.0 = Debug|Any CPU
		{3116756D-0111-400C-BC53-1DBBC195FBB7}.Debug|x64.ActiveCfg = Debug|Any CPU
		{3116756D-0111-400C-BC53-1DBBC195FBB7}.Debug|x64.Build.0 = Debug|Any CPU
		{3116756D-0111-400C-BC53-1DBBC195FBB7}.Debug|x86.ActiveCfg = Debug|Any CPU
		{3116756D-0111-400C-BC53-1DBBC195FBB7}.Debug|x86.Build.0 = Debug|Any CPU
		{3116756D-0111-400C-BC53-1DBBC195FBB7}.Release|Any CPU.ActiveCfg = Release|Any CPU
		{3116756D-0111-400C-BC53-1DBBC195FBB7}.Release|Any CPU.Build.0 = Release|Any CPU
		{3116756D-0111-400C-BC53-1DBBC195FBB7}.Release|ARM.ActiveCfg = Release|Any CPU
		{3116756D-0111-400C-BC53-1DBBC195FBB7}.Release|ARM.Build.0 = Release|Any CPU
		{3116756D-0111-400C-BC53-1DBBC195FBB7}.Release|iPhone.ActiveCfg = Release|Any CPU
		{3116756D-0111-400C-BC53-1DBBC195FBB7}.Release|iPhone.Build.0 = Release|Any CPU
		{3116756D-0111-400C-BC53-1DBBC195FBB7}.Release|iPhoneSimulator.ActiveCfg = Release|Any CPU
		{3116756D-0111-400C-BC53-1DBBC195FBB7}.Release|iPhoneSimulator.Build.0 = Release|Any CPU
		{3116756D-0111-400C-BC53-1DBBC195FBB7}.Release|x64.ActiveCfg = Release|Any CPU
		{3116756D-0111-400C-BC53-1DBBC195FBB7}.Release|x64.Build.0 = Release|Any CPU
		{3116756D-0111-400C-BC53-1DBBC195FBB7}.Release|x86.ActiveCfg = Release|Any CPU
		{3116756D-0111-400C-BC53-1DBBC195FBB7}.Release|x86.Build.0 = Release|Any CPU
		{E73EDEA1-DF38-40F4-A3D9-82C3EC186008}.Debug|Any CPU.ActiveCfg = Debug|Any CPU
		{E73EDEA1-DF38-40F4-A3D9-82C3EC186008}.Debug|Any CPU.Build.0 = Debug|Any CPU
		{E73EDEA1-DF38-40F4-A3D9-82C3EC186008}.Debug|ARM.ActiveCfg = Debug|Any CPU
		{E73EDEA1-DF38-40F4-A3D9-82C3EC186008}.Debug|ARM.Build.0 = Debug|Any CPU
		{E73EDEA1-DF38-40F4-A3D9-82C3EC186008}.Debug|iPhone.ActiveCfg = Debug|Any CPU
		{E73EDEA1-DF38-40F4-A3D9-82C3EC186008}.Debug|iPhoneSimulator.ActiveCfg = Debug|Any CPU
		{E73EDEA1-DF38-40F4-A3D9-82C3EC186008}.Debug|x64.ActiveCfg = Debug|Any CPU
		{E73EDEA1-DF38-40F4-A3D9-82C3EC186008}.Debug|x64.Build.0 = Debug|Any CPU
		{E73EDEA1-DF38-40F4-A3D9-82C3EC186008}.Debug|x86.ActiveCfg = Debug|Any CPU
		{E73EDEA1-DF38-40F4-A3D9-82C3EC186008}.Debug|x86.Build.0 = Debug|Any CPU
		{E73EDEA1-DF38-40F4-A3D9-82C3EC186008}.Release|Any CPU.ActiveCfg = Release|Any CPU
		{E73EDEA1-DF38-40F4-A3D9-82C3EC186008}.Release|Any CPU.Build.0 = Release|Any CPU
		{E73EDEA1-DF38-40F4-A3D9-82C3EC186008}.Release|ARM.ActiveCfg = Release|Any CPU
		{E73EDEA1-DF38-40F4-A3D9-82C3EC186008}.Release|ARM.Build.0 = Release|Any CPU
		{E73EDEA1-DF38-40F4-A3D9-82C3EC186008}.Release|iPhone.ActiveCfg = Release|Any CPU
		{E73EDEA1-DF38-40F4-A3D9-82C3EC186008}.Release|iPhoneSimulator.ActiveCfg = Release|Any CPU
		{E73EDEA1-DF38-40F4-A3D9-82C3EC186008}.Release|x64.ActiveCfg = Release|Any CPU
		{E73EDEA1-DF38-40F4-A3D9-82C3EC186008}.Release|x64.Build.0 = Release|Any CPU
		{E73EDEA1-DF38-40F4-A3D9-82C3EC186008}.Release|x86.ActiveCfg = Release|Any CPU
		{E73EDEA1-DF38-40F4-A3D9-82C3EC186008}.Release|x86.Build.0 = Release|Any CPU
		{D06865E6-BEF8-46CD-BE0F-9AE29F435F30}.Debug|Any CPU.ActiveCfg = Debug|Any CPU
		{D06865E6-BEF8-46CD-BE0F-9AE29F435F30}.Debug|Any CPU.Build.0 = Debug|Any CPU
		{D06865E6-BEF8-46CD-BE0F-9AE29F435F30}.Debug|Any CPU.Deploy.0 = Debug|Any CPU
		{D06865E6-BEF8-46CD-BE0F-9AE29F435F30}.Debug|ARM.ActiveCfg = Debug|Any CPU
		{D06865E6-BEF8-46CD-BE0F-9AE29F435F30}.Debug|ARM.Build.0 = Debug|Any CPU
		{D06865E6-BEF8-46CD-BE0F-9AE29F435F30}.Debug|iPhone.ActiveCfg = Debug|Any CPU
		{D06865E6-BEF8-46CD-BE0F-9AE29F435F30}.Debug|iPhone.Build.0 = Debug|Any CPU
		{D06865E6-BEF8-46CD-BE0F-9AE29F435F30}.Debug|iPhoneSimulator.ActiveCfg = Debug|Any CPU
		{D06865E6-BEF8-46CD-BE0F-9AE29F435F30}.Debug|iPhoneSimulator.Build.0 = Debug|Any CPU
		{D06865E6-BEF8-46CD-BE0F-9AE29F435F30}.Debug|x64.ActiveCfg = Debug|Any CPU
		{D06865E6-BEF8-46CD-BE0F-9AE29F435F30}.Debug|x64.Build.0 = Debug|Any CPU
		{D06865E6-BEF8-46CD-BE0F-9AE29F435F30}.Debug|x86.ActiveCfg = Debug|Any CPU
		{D06865E6-BEF8-46CD-BE0F-9AE29F435F30}.Debug|x86.Build.0 = Debug|Any CPU
		{D06865E6-BEF8-46CD-BE0F-9AE29F435F30}.Release|Any CPU.ActiveCfg = Release|Any CPU
		{D06865E6-BEF8-46CD-BE0F-9AE29F435F30}.Release|Any CPU.Build.0 = Release|Any CPU
		{D06865E6-BEF8-46CD-BE0F-9AE29F435F30}.Release|ARM.ActiveCfg = Release|Any CPU
		{D06865E6-BEF8-46CD-BE0F-9AE29F435F30}.Release|ARM.Build.0 = Release|Any CPU
		{D06865E6-BEF8-46CD-BE0F-9AE29F435F30}.Release|iPhone.ActiveCfg = Release|Any CPU
		{D06865E6-BEF8-46CD-BE0F-9AE29F435F30}.Release|iPhone.Build.0 = Release|Any CPU
		{D06865E6-BEF8-46CD-BE0F-9AE29F435F30}.Release|iPhoneSimulator.ActiveCfg = Release|Any CPU
		{D06865E6-BEF8-46CD-BE0F-9AE29F435F30}.Release|iPhoneSimulator.Build.0 = Release|Any CPU
		{D06865E6-BEF8-46CD-BE0F-9AE29F435F30}.Release|x64.ActiveCfg = Release|Any CPU
		{D06865E6-BEF8-46CD-BE0F-9AE29F435F30}.Release|x64.Build.0 = Release|Any CPU
		{D06865E6-BEF8-46CD-BE0F-9AE29F435F30}.Release|x86.ActiveCfg = Release|Any CPU
		{D06865E6-BEF8-46CD-BE0F-9AE29F435F30}.Release|x86.Build.0 = Release|Any CPU
		{E3164979-4A04-4709-8EA8-F677A21435D8}.Debug|Any CPU.ActiveCfg = Debug|iPhoneSimulator
		{E3164979-4A04-4709-8EA8-F677A21435D8}.Debug|Any CPU.Build.0 = Debug|iPhoneSimulator
		{E3164979-4A04-4709-8EA8-F677A21435D8}.Debug|ARM.ActiveCfg = Debug|iPhoneSimulator
		{E3164979-4A04-4709-8EA8-F677A21435D8}.Debug|ARM.Build.0 = Debug|iPhoneSimulator
		{E3164979-4A04-4709-8EA8-F677A21435D8}.Debug|iPhone.ActiveCfg = Debug|iPhone
		{E3164979-4A04-4709-8EA8-F677A21435D8}.Debug|iPhone.Build.0 = Debug|iPhone
		{E3164979-4A04-4709-8EA8-F677A21435D8}.Debug|iPhoneSimulator.ActiveCfg = Debug|iPhoneSimulator
		{E3164979-4A04-4709-8EA8-F677A21435D8}.Debug|iPhoneSimulator.Build.0 = Debug|iPhoneSimulator
		{E3164979-4A04-4709-8EA8-F677A21435D8}.Debug|x64.ActiveCfg = Debug|iPhoneSimulator
		{E3164979-4A04-4709-8EA8-F677A21435D8}.Debug|x64.Build.0 = Debug|iPhoneSimulator
		{E3164979-4A04-4709-8EA8-F677A21435D8}.Debug|x86.ActiveCfg = Debug|iPhoneSimulator
		{E3164979-4A04-4709-8EA8-F677A21435D8}.Debug|x86.Build.0 = Debug|iPhoneSimulator
		{E3164979-4A04-4709-8EA8-F677A21435D8}.Release|Any CPU.ActiveCfg = Release|iPhoneSimulator
		{E3164979-4A04-4709-8EA8-F677A21435D8}.Release|Any CPU.Build.0 = Release|iPhoneSimulator
		{E3164979-4A04-4709-8EA8-F677A21435D8}.Release|ARM.ActiveCfg = Release|iPhoneSimulator
		{E3164979-4A04-4709-8EA8-F677A21435D8}.Release|ARM.Build.0 = Release|iPhoneSimulator
		{E3164979-4A04-4709-8EA8-F677A21435D8}.Release|iPhone.ActiveCfg = Release|iPhone
		{E3164979-4A04-4709-8EA8-F677A21435D8}.Release|iPhone.Build.0 = Release|iPhone
		{E3164979-4A04-4709-8EA8-F677A21435D8}.Release|iPhoneSimulator.ActiveCfg = Release|iPhoneSimulator
		{E3164979-4A04-4709-8EA8-F677A21435D8}.Release|iPhoneSimulator.Build.0 = Release|iPhoneSimulator
		{E3164979-4A04-4709-8EA8-F677A21435D8}.Release|x64.ActiveCfg = Release|iPhoneSimulator
		{E3164979-4A04-4709-8EA8-F677A21435D8}.Release|x64.Build.0 = Release|iPhoneSimulator
		{E3164979-4A04-4709-8EA8-F677A21435D8}.Release|x86.ActiveCfg = Release|iPhoneSimulator
		{E3164979-4A04-4709-8EA8-F677A21435D8}.Release|x86.Build.0 = Release|iPhoneSimulator
		{54FDDE9C-40F7-4352-B38E-41C744C03E4D}.Debug|Any CPU.ActiveCfg = Debug|Any CPU
		{54FDDE9C-40F7-4352-B38E-41C744C03E4D}.Debug|Any CPU.Build.0 = Debug|Any CPU
		{54FDDE9C-40F7-4352-B38E-41C744C03E4D}.Debug|ARM.ActiveCfg = Debug|Any CPU
		{54FDDE9C-40F7-4352-B38E-41C744C03E4D}.Debug|ARM.Build.0 = Debug|Any CPU
		{54FDDE9C-40F7-4352-B38E-41C744C03E4D}.Debug|iPhone.ActiveCfg = Debug|Any CPU
		{54FDDE9C-40F7-4352-B38E-41C744C03E4D}.Debug|iPhoneSimulator.ActiveCfg = Debug|Any CPU
		{54FDDE9C-40F7-4352-B38E-41C744C03E4D}.Debug|x64.ActiveCfg = Debug|Any CPU
		{54FDDE9C-40F7-4352-B38E-41C744C03E4D}.Debug|x64.Build.0 = Debug|Any CPU
		{54FDDE9C-40F7-4352-B38E-41C744C03E4D}.Debug|x86.ActiveCfg = Debug|Any CPU
		{54FDDE9C-40F7-4352-B38E-41C744C03E4D}.Debug|x86.Build.0 = Debug|Any CPU
		{54FDDE9C-40F7-4352-B38E-41C744C03E4D}.Release|Any CPU.ActiveCfg = Release|Any CPU
		{54FDDE9C-40F7-4352-B38E-41C744C03E4D}.Release|Any CPU.Build.0 = Release|Any CPU
		{54FDDE9C-40F7-4352-B38E-41C744C03E4D}.Release|ARM.ActiveCfg = Release|Any CPU
		{54FDDE9C-40F7-4352-B38E-41C744C03E4D}.Release|ARM.Build.0 = Release|Any CPU
		{54FDDE9C-40F7-4352-B38E-41C744C03E4D}.Release|iPhone.ActiveCfg = Release|Any CPU
		{54FDDE9C-40F7-4352-B38E-41C744C03E4D}.Release|iPhoneSimulator.ActiveCfg = Release|Any CPU
		{54FDDE9C-40F7-4352-B38E-41C744C03E4D}.Release|x64.ActiveCfg = Release|Any CPU
		{54FDDE9C-40F7-4352-B38E-41C744C03E4D}.Release|x64.Build.0 = Release|Any CPU
		{54FDDE9C-40F7-4352-B38E-41C744C03E4D}.Release|x86.ActiveCfg = Release|Any CPU
		{54FDDE9C-40F7-4352-B38E-41C744C03E4D}.Release|x86.Build.0 = Release|Any CPU
	EndGlobalSection
	GlobalSection(SolutionProperties) = preSolution
		HideSolutionNode = FALSE
	EndGlobalSection
	GlobalSection(ExtensibilityGlobals) = postSolution
		SolutionGuid = {4E8FFB1A-9743-4D93-8FCF-AF018A74E86F}
	EndGlobalSection
	GlobalSection(MonoDevelopProperties) = preSolution
		version = 2.0.6
	EndGlobalSection
EndGlobal
