Microsoft Visual Studio Solution File, Format Version 12.00
# Visual Studio Version 16
VisualStudioVersion = 16.0.29020.237
MinimumVisualStudioVersion = 10.0.40219.1
Project("{9A19103F-16F7-4668-BE54-9A1E7A4F7556}") = "Saplin.CPDT.UICore", "Saplin.CPDT.UICore\Saplin.CPDT.UICore.csproj", "{3116756D-0111-400C-BC53-1DBBC195FBB7}"
EndProject
Project("{FAE04EC0-301F-11D3-BF4B-00C04F79EFBC}") = "Saplin.CPDT.Android", "Saplin.CPDT.Android\Saplin.CPDT.Android.csproj", "{6A84BA8D-A85D-4293-BC21-EE856012ADA3}"
EndProject
Project("{9344BDBB-3E7F-41FC-A0DD-8665D75EE146}") = "Saplin.CPDT.Mac", "Saplin.CPDT.Mac\Saplin.CPDT.Mac.csproj", "{CEBE7F8E-B564-4E9A-B6E9-B20FF7F908CA}"
EndProject
Project("{9344BDBB-3E7F-41FC-A0DD-8665D75EE146}") = "Saplin.CPDT.WPF", "Saplin.CPDT.WPF\Saplin.CPDT.WPF.csproj", "{EA6E7B48-E662-4FD9-B6EB-79D97177BD89}"
EndProject
Project("{FAE04EC0-301F-11D3-BF4B-00C04F79EFBC}") = "Saplin.CPDT.iOS", "Saplin.CPDT\Saplin.CPDT.iOS\Saplin.CPDT.iOS.csproj", "{AADDB830-469D-451D-B441-74A2D71038D4}"
EndProject
Global
	GlobalSection(SolutionConfigurationPlatforms) = preSolution
		Debug|Any CPU = Debug|Any CPU
		Debug|ARM = Debug|ARM
		Debug|x64 = Debug|x64
		Debug|x86 = Debug|x86
		Release|Any CPU = Release|Any CPU
		Release|ARM = Release|ARM
		Release|x64 = Release|x64
		Release|x86 = Release|x86
		Debug|iPhoneSimulator = Debug|iPhoneSimulator
		Release|iPhoneSimulator = Release|iPhoneSimulator
		Debug|iPhone = Debug|iPhone
		Release|iPhone = Release|iPhone
	EndGlobalSection
	GlobalSection(ProjectConfigurationPlatforms) = postSolution
		{3116756D-0111-400C-BC53-1DBBC195FBB7}.Debug|Any CPU.ActiveCfg = Debug|Any CPU
		{3116756D-0111-400C-BC53-1DBBC195FBB7}.Debug|Any CPU.Build.0 = Debug|Any CPU
		{3116756D-0111-400C-BC53-1DBBC195FBB7}.Debug|ARM.ActiveCfg = Debug|Any CPU
		{3116756D-0111-400C-BC53-1DBBC195FBB7}.Debug|ARM.Build.0 = Debug|Any CPU
		{3116756D-0111-400C-BC53-1DBBC195FBB7}.Debug|x64.ActiveCfg = Debug|Any CPU
		{3116756D-0111-400C-BC53-1DBBC195FBB7}.Debug|x64.Build.0 = Debug|Any CPU
		{3116756D-0111-400C-BC53-1DBBC195FBB7}.Debug|x86.ActiveCfg = Debug|Any CPU
		{3116756D-0111-400C-BC53-1DBBC195FBB7}.Debug|x86.Build.0 = Debug|Any CPU
		{3116756D-0111-400C-BC53-1DBBC195FBB7}.Release|Any CPU.ActiveCfg = Release|Any CPU
		{3116756D-0111-400C-BC53-1DBBC195FBB7}.Release|Any CPU.Build.0 = Release|Any CPU
		{3116756D-0111-400C-BC53-1DBBC195FBB7}.Release|ARM.ActiveCfg = Release|Any CPU
		{3116756D-0111-400C-BC53-1DBBC195FBB7}.Release|ARM.Build.0 = Release|Any CPU
		{3116756D-0111-400C-BC53-1DBBC195FBB7}.Release|x64.ActiveCfg = Release|Any CPU
		{3116756D-0111-400C-BC53-1DBBC195FBB7}.Release|x64.Build.0 = Release|Any CPU
		{3116756D-0111-400C-BC53-1DBBC195FBB7}.Release|x86.ActiveCfg = Release|Any CPU
		{3116756D-0111-400C-BC53-1DBBC195FBB7}.Release|x86.Build.0 = Release|Any CPU
		{3116756D-0111-400C-BC53-1DBBC195FBB7}.Debug|iPhoneSimulator.ActiveCfg = Debug|Any CPU
		{3116756D-0111-400C-BC53-1DBBC195FBB7}.Debug|iPhoneSimulator.Build.0 = Debug|Any CPU
		{3116756D-0111-400C-BC53-1DBBC195FBB7}.Release|iPhoneSimulator.ActiveCfg = Release|Any CPU
		{3116756D-0111-400C-BC53-1DBBC195FBB7}.Release|iPhoneSimulator.Build.0 = Release|Any CPU
		{3116756D-0111-400C-BC53-1DBBC195FBB7}.Debug|iPhone.ActiveCfg = Debug|Any CPU
		{3116756D-0111-400C-BC53-1DBBC195FBB7}.Debug|iPhone.Build.0 = Debug|Any CPU
		{3116756D-0111-400C-BC53-1DBBC195FBB7}.Release|iPhone.ActiveCfg = Release|Any CPU
		{3116756D-0111-400C-BC53-1DBBC195FBB7}.Release|iPhone.Build.0 = Release|Any CPU
		{6A84BA8D-A85D-4293-BC21-EE856012ADA3}.Debug|Any CPU.ActiveCfg = Debug|Any CPU
		{6A84BA8D-A85D-4293-BC21-EE856012ADA3}.Debug|Any CPU.Build.0 = Debug|Any CPU
		{6A84BA8D-A85D-4293-BC21-EE856012ADA3}.Debug|ARM.ActiveCfg = Debug|Any CPU
		{6A84BA8D-A85D-4293-BC21-EE856012ADA3}.Debug|ARM.Build.0 = Debug|Any CPU
		{6A84BA8D-A85D-4293-BC21-EE856012ADA3}.Debug|x64.ActiveCfg = Debug|Any CPU
		{6A84BA8D-A85D-4293-BC21-EE856012ADA3}.Debug|x64.Build.0 = Debug|Any CPU
		{6A84BA8D-A85D-4293-BC21-EE856012ADA3}.Debug|x86.ActiveCfg = Debug|Any CPU
		{6A84BA8D-A85D-4293-BC21-EE856012ADA3}.Debug|x86.Build.0 = Debug|Any CPU
		{6A84BA8D-A85D-4293-BC21-EE856012ADA3}.Release|Any CPU.ActiveCfg = Release|Any CPU
		{6A84BA8D-A85D-4293-BC21-EE856012ADA3}.Release|Any CPU.Build.0 = Release|Any CPU
		{6A84BA8D-A85D-4293-BC21-EE856012ADA3}.Release|ARM.ActiveCfg = Release|Any CPU
		{6A84BA8D-A85D-4293-BC21-EE856012ADA3}.Release|ARM.Build.0 = Release|Any CPU
		{6A84BA8D-A85D-4293-BC21-EE856012ADA3}.Release|x64.ActiveCfg = Release|Any CPU
		{6A84BA8D-A85D-4293-BC21-EE856012ADA3}.Release|x64.Build.0 = Release|Any CPU
		{6A84BA8D-A85D-4293-BC21-EE856012ADA3}.Release|x86.ActiveCfg = Release|Any CPU
		{6A84BA8D-A85D-4293-BC21-EE856012ADA3}.Release|x86.Build.0 = Release|Any CPU
		{6A84BA8D-A85D-4293-BC21-EE856012ADA3}.Debug|iPhoneSimulator.ActiveCfg = Debug|Any CPU
		{6A84BA8D-A85D-4293-BC21-EE856012ADA3}.Debug|iPhoneSimulator.Build.0 = Debug|Any CPU
		{6A84BA8D-A85D-4293-BC21-EE856012ADA3}.Release|iPhoneSimulator.ActiveCfg = Release|Any CPU
		{6A84BA8D-A85D-4293-BC21-EE856012ADA3}.Release|iPhoneSimulator.Build.0 = Release|Any CPU
		{6A84BA8D-A85D-4293-BC21-EE856012ADA3}.Debug|iPhone.ActiveCfg = Debug|Any CPU
		{6A84BA8D-A85D-4293-BC21-EE856012ADA3}.Debug|iPhone.Build.0 = Debug|Any CPU
		{6A84BA8D-A85D-4293-BC21-EE856012ADA3}.Release|iPhone.ActiveCfg = Release|Any CPU
		{6A84BA8D-A85D-4293-BC21-EE856012ADA3}.Release|iPhone.Build.0 = Release|Any CPU
		{CEBE7F8E-B564-4E9A-B6E9-B20FF7F908CA}.Debug|Any CPU.ActiveCfg = Debug|Any CPU
		{CEBE7F8E-B564-4E9A-B6E9-B20FF7F908CA}.Debug|Any CPU.Build.0 = Debug|Any CPU
		{CEBE7F8E-B564-4E9A-B6E9-B20FF7F908CA}.Debug|ARM.ActiveCfg = Debug|Any CPU
		{CEBE7F8E-B564-4E9A-B6E9-B20FF7F908CA}.Debug|ARM.Build.0 = Debug|Any CPU
		{CEBE7F8E-B564-4E9A-B6E9-B20FF7F908CA}.Debug|x64.ActiveCfg = Debug|Any CPU
		{CEBE7F8E-B564-4E9A-B6E9-B20FF7F908CA}.Debug|x64.Build.0 = Debug|Any CPU
		{CEBE7F8E-B564-4E9A-B6E9-B20FF7F908CA}.Debug|x86.ActiveCfg = Debug|Any CPU
		{CEBE7F8E-B564-4E9A-B6E9-B20FF7F908CA}.Debug|x86.Build.0 = Debug|Any CPU
		{CEBE7F8E-B564-4E9A-B6E9-B20FF7F908CA}.Release|Any CPU.ActiveCfg = Release|Any CPU
		{CEBE7F8E-B564-4E9A-B6E9-B20FF7F908CA}.Release|Any CPU.Build.0 = Release|Any CPU
		{CEBE7F8E-B564-4E9A-B6E9-B20FF7F908CA}.Release|ARM.ActiveCfg = Release|Any CPU
		{CEBE7F8E-B564-4E9A-B6E9-B20FF7F908CA}.Release|ARM.Build.0 = Release|Any CPU
		{CEBE7F8E-B564-4E9A-B6E9-B20FF7F908CA}.Release|x64.ActiveCfg = Release|Any CPU
		{CEBE7F8E-B564-4E9A-B6E9-B20FF7F908CA}.Release|x64.Build.0 = Release|Any CPU
		{CEBE7F8E-B564-4E9A-B6E9-B20FF7F908CA}.Release|x86.ActiveCfg = Release|Any CPU
		{CEBE7F8E-B564-4E9A-B6E9-B20FF7F908CA}.Release|x86.Build.0 = Release|Any CPU
		{CEBE7F8E-B564-4E9A-B6E9-B20FF7F908CA}.Debug|iPhoneSimulator.ActiveCfg = Debug|Any CPU
		{CEBE7F8E-B564-4E9A-B6E9-B20FF7F908CA}.Release|iPhoneSimulator.ActiveCfg = Release|Any CPU
		{CEBE7F8E-B564-4E9A-B6E9-B20FF7F908CA}.Debug|iPhone.ActiveCfg = Debug|Any CPU
		{CEBE7F8E-B564-4E9A-B6E9-B20FF7F908CA}.Release|iPhone.ActiveCfg = Release|Any CPU
		{EA6E7B48-E662-4FD9-B6EB-79D97177BD89}.Debug|Any CPU.ActiveCfg = Debug|Any CPU
		{EA6E7B48-E662-4FD9-B6EB-79D97177BD89}.Debug|Any CPU.Build.0 = Debug|Any CPU
		{EA6E7B48-E662-4FD9-B6EB-79D97177BD89}.Debug|ARM.ActiveCfg = Debug|Any CPU
		{EA6E7B48-E662-4FD9-B6EB-79D97177BD89}.Debug|ARM.Build.0 = Debug|Any CPU
		{EA6E7B48-E662-4FD9-B6EB-79D97177BD89}.Debug|x64.ActiveCfg = Debug|Any CPU
		{EA6E7B48-E662-4FD9-B6EB-79D97177BD89}.Debug|x64.Build.0 = Debug|Any CPU
		{EA6E7B48-E662-4FD9-B6EB-79D97177BD89}.Debug|x86.ActiveCfg = Debug|Any CPU
		{EA6E7B48-E662-4FD9-B6EB-79D97177BD89}.Debug|x86.Build.0 = Debug|Any CPU
		{EA6E7B48-E662-4FD9-B6EB-79D97177BD89}.Release|Any CPU.ActiveCfg = Release|Any CPU
		{EA6E7B48-E662-4FD9-B6EB-79D97177BD89}.Release|Any CPU.Build.0 = Release|Any CPU
		{EA6E7B48-E662-4FD9-B6EB-79D97177BD89}.Release|ARM.ActiveCfg = Release|Any CPU
		{EA6E7B48-E662-4FD9-B6EB-79D97177BD89}.Release|ARM.Build.0 = Release|Any CPU
		{EA6E7B48-E662-4FD9-B6EB-79D97177BD89}.Release|x64.ActiveCfg = Release|Any CPU
		{EA6E7B48-E662-4FD9-B6EB-79D97177BD89}.Release|x64.Build.0 = Release|Any CPU
		{EA6E7B48-E662-4FD9-B6EB-79D97177BD89}.Release|x86.ActiveCfg = Release|Any CPU
		{EA6E7B48-E662-4FD9-B6EB-79D97177BD89}.Release|x86.Build.0 = Release|Any CPU
		{EA6E7B48-E662-4FD9-B6EB-79D97177BD89}.Debug|iPhoneSimulator.ActiveCfg = Debug|Any CPU
		{EA6E7B48-E662-4FD9-B6EB-79D97177BD89}.Release|iPhoneSimulator.ActiveCfg = Release|Any CPU
		{EA6E7B48-E662-4FD9-B6EB-79D97177BD89}.Debug|iPhone.ActiveCfg = Debug|Any CPU
		{EA6E7B48-E662-4FD9-B6EB-79D97177BD89}.Release|iPhone.ActiveCfg = Release|Any CPU
		{AADDB830-469D-451D-B441-74A2D71038D4}.Debug|Any CPU.ActiveCfg = Debug|iPhoneSimulator
		{AADDB830-469D-451D-B441-74A2D71038D4}.Debug|Any CPU.Build.0 = Debug|iPhoneSimulator
		{AADDB830-469D-451D-B441-74A2D71038D4}.Debug|ARM.ActiveCfg = Debug|iPhoneSimulator
		{AADDB830-469D-451D-B441-74A2D71038D4}.Debug|ARM.Build.0 = Debug|iPhoneSimulator
		{AADDB830-469D-451D-B441-74A2D71038D4}.Debug|x64.ActiveCfg = Debug|iPhoneSimulator
		{AADDB830-469D-451D-B441-74A2D71038D4}.Debug|x64.Build.0 = Debug|iPhoneSimulator
		{AADDB830-469D-451D-B441-74A2D71038D4}.Debug|x86.ActiveCfg = Debug|iPhoneSimulator
		{AADDB830-469D-451D-B441-74A2D71038D4}.Debug|x86.Build.0 = Debug|iPhoneSimulator
		{AADDB830-469D-451D-B441-74A2D71038D4}.Release|Any CPU.ActiveCfg = Release|iPhoneSimulator
		{AADDB830-469D-451D-B441-74A2D71038D4}.Release|Any CPU.Build.0 = Release|iPhoneSimulator
		{AADDB830-469D-451D-B441-74A2D71038D4}.Release|ARM.ActiveCfg = Release|iPhoneSimulator
		{AADDB830-469D-451D-B441-74A2D71038D4}.Release|ARM.Build.0 = Release|iPhoneSimulator
		{AADDB830-469D-451D-B441-74A2D71038D4}.Release|x64.ActiveCfg = Release|iPhoneSimulator
		{AADDB830-469D-451D-B441-74A2D71038D4}.Release|x64.Build.0 = Release|iPhoneSimulator
		{AADDB830-469D-451D-B441-74A2D71038D4}.Release|x86.ActiveCfg = Release|iPhoneSimulator
		{AADDB830-469D-451D-B441-74A2D71038D4}.Release|x86.Build.0 = Release|iPhoneSimulator
		{AADDB830-469D-451D-B441-74A2D71038D4}.Debug|iPhoneSimulator.ActiveCfg = Debug|iPhoneSimulator
		{AADDB830-469D-451D-B441-74A2D71038D4}.Debug|iPhoneSimulator.Build.0 = Debug|iPhoneSimulator
		{AADDB830-469D-451D-B441-74A2D71038D4}.Release|iPhoneSimulator.ActiveCfg = Release|iPhoneSimulator
		{AADDB830-469D-451D-B441-74A2D71038D4}.Release|iPhoneSimulator.Build.0 = Release|iPhoneSimulator
		{AADDB830-469D-451D-B441-74A2D71038D4}.Debug|iPhone.ActiveCfg = Debug|iPhone
		{AADDB830-469D-451D-B441-74A2D71038D4}.Debug|iPhone.Build.0 = Debug|iPhone
		{AADDB830-469D-451D-B441-74A2D71038D4}.Release|iPhone.ActiveCfg = Release|iPhone
		{AADDB830-469D-451D-B441-74A2D71038D4}.Release|iPhone.Build.0 = Release|iPhone
	EndGlobalSection
	GlobalSection(SolutionProperties) = preSolution
		HideSolutionNode = FALSE
	EndGlobalSection
	GlobalSection(ExtensibilityGlobals) = postSolution
		SolutionGuid = {4E8FFB1A-9743-4D93-8FCF-AF018A74E86F}
	EndGlobalSection
	GlobalSection(MonoDevelopProperties) = preSolution
		version = 2.0.6
	EndGlobalSection
EndGlobal
